[[package]]
name = "protobuf"
version = "3.20.0"
description = "Protocol Buffers"
category = "main"
optional = false
python-versions = ">=3.7"

[metadata]
lock-version = "1.1"
python-versions = "^3.8"
content-hash = "1931664fcf0ecd0b9a38f8ee4846e71a0b54774b4fa5af78c6928c9a718d264f"

[metadata.files]
protobuf = [
    {file = "protobuf-3.20.0-cp310-cp310-macosx_10_9_universal2.whl", hash = "sha256:9d0f3aca8ca51c8b5e204ab92bd8afdb2a8e3df46bd0ce0bd39065d79aabcaa4"},
    {file = "protobuf-3.20.0-cp310-cp310-manylinux2014_aarch64.whl", hash = "sha256:001c2160c03b6349c04de39cf1a58e342750da3632f6978a1634a3dcca1ec10e"},
    {file = "protobuf-3.20.0-cp310-cp310-manylinux_2_12_x86_64.manylinux2010_x86_64.whl", hash = "sha256:5b5860b790498f233cdc8d635a17fc08de62e59d4dcd8cdb6c6c0d38a31edf2b"},
    {file = "protobuf-3.20.0-cp310-cp310-win32.whl", hash = "sha256:0b250c60256c8824219352dc2a228a6b49987e5bf94d3ffcf4c46585efcbd499"},
    {file = "protobuf-3.20.0-cp310-cp310-win_amd64.whl", hash = "sha256:a1eebb6eb0653e594cb86cd8e536b9b083373fca9aba761ade6cd412d46fb2ab"},
    {file = "protobuf-3.20.0-cp36-cp36m-macosx_10_9_x86_64.whl", hash = "sha256:bc14037281db66aa60856cd4ce4541a942040686d290e3f3224dd3978f88f554"},
    {file = "protobuf-3.20.0-cp36-cp36m-manylinux_2_5_x86_64.manylinux1_x86_64.whl", hash = "sha256:47257d932de14a7b6c4ae1b7dbf592388153ee35ec7cae216b87ae6490ed39a3"},
    {file = "protobuf-3.20.0-cp37-cp37m-macosx_10_9_x86_64.whl", hash = "sha256:fbcbb068ebe67c4ff6483d2e2aa87079c325f8470b24b098d6bf7d4d21d57a69"},
    {file = "protobuf-3.20.0-cp37-cp37m-manylinux2014_aarch64.whl", hash = "sha256:542f25a4adf3691a306dcc00bf9a73176554938ec9b98f20f929a044f80acf1b"},
    {file = "protobuf-3.20.0-cp37-cp37m-manylinux_2_5_x86_64.manylinux1_x86_64.whl", hash = "sha256:fd7133b885e356fa4920ead8289bb45dc6f185a164e99e10279f33732ed5ce15"},
    {file = "protobuf-3.20.0-cp37-cp37m-win32.whl", hash = "sha256:8d84453422312f8275455d1cb52d850d6a4d7d714b784e41b573c6f5bfc2a029"},
    {file = "protobuf-3.20.0-cp37-cp37m-win_amd64.whl", hash = "sha256:52bae32a147c375522ce09bd6af4d2949aca32a0415bc62df1456b3ad17c6001"},
    {file = "protobuf-3.20.0-cp38-cp38-macosx_10_9_x86_64.whl", hash = "sha256:25d2fcd6eef340082718ec9ad2c58d734429f2b1f7335d989523852f2bba220b"},
    {file = "protobuf-3.20.0-cp38-cp38-manylinux2014_aarch64.whl", hash = "sha256:88c8be0558bdfc35e68c42ae5bf785eb9390d25915d4863bbc7583d23da77074"},
    {file = "protobuf-3.20.0-cp38-cp38-manylinux_2_5_x86_64.manylinux1_x86_64.whl", hash = "sha256:38fd9eb74b852e4ee14b16e9670cd401d147ee3f3ec0d4f7652e0c921d6227f8"},
    {file = "protobuf-3.20.0-cp38-cp38-win32.whl", hash = "sha256:7dcd84dc31ebb35ade755e06d1561d1bd3b85e85dbdbf6278011fc97b22810db"},
    {file = "protobuf-3.20.0-cp38-cp38-win_amd64.whl", hash = "sha256:1eb13f5a5a59ca4973bcfa2fc8fff644bd39f2109c3f7a60bd5860cb6a49b679"},
    {file = "protobuf-3.20.0-cp39-cp39-macosx_10_9_x86_64.whl", hash = "sha256:1d24c81c2310f0063b8fc1c20c8ed01f3331be9374b4b5c2de846f69e11e21fb"},
    {file = "protobuf-3.20.0-cp39-cp39-manylinux2014_aarch64.whl", hash = "sha256:8be43a91ab66fe995e85ccdbdd1046d9f0443d59e060c0840319290de25b7d33"},
    {file = "protobuf-3.20.0-cp39-cp39-manylinux_2_5_x86_64.manylinux1_x86_64.whl", hash = "sha256:7a53d4035427b9dbfbb397f46642754d294f131e93c661d056366f2a31438263"},
    {file = "protobuf-3.20.0-cp39-cp39-win32.whl", hash = "sha256:32bf4a90c207a0b4e70ca6dd09d43de3cb9898f7d5b69c2e9e3b966a7f342820"},
    {file = "protobuf-3.20.0-cp39-cp39-win_amd64.whl", hash = "sha256:6efe066a7135233f97ce51a1aa007d4fb0be28ef093b4f88dac4ad1b3a2b7b6f"},
    {file = "protobuf-3.20.0-py2.py3-none-any.whl", hash = "sha256:4eda68bd9e2a4879385e6b1ea528c976f59cd9728382005cc54c28bcce8db983"},
    {file = "protobuf-3.20.0.tar.gz", hash = "sha256:71b2c3d1cd26ed1ec7c8196834143258b2ad7f444efff26fdc366c6f5e752702"},
]
